<Solution>
  <Folder Name="/Solution Items/">
    <File Path="../README.md" />
    <File Path="../src/Agent/README.md" />
    <File Path="../docs/runbooks/providers.md" />
  </Folder>
  <Folder Name="/src/">
    <Project Path="../src/Agent/Zenvera.AiExamples.Agent.ConsoleHost/Zenvera.AiExamples.Agent.ConsoleHost.csproj" />
    <Project Path="../src/Shared/Zenvera.AiExamples.Shared.Hosting/Zenvera.AiExamples.Shared.Hosting.csproj" />
  </Folder>
  <Folder Name="/tests/">
    <Project Path="../tests/Shared/Zenvera.AiExamples.Shared.Tests/Zenvera.AiExamples.Shared.Tests.csproj" />
  </Folder>
</Solution>
