<Solution>
  <Folder Name="/Solution Items/">
    <File Path="../README.md" />
    <File Path="../src/ChatWeb/README.md" />
    <File Path="../docs/runbooks/providers.md" />
  </Folder>
  <Folder Name="/src/">
    <Project Path="../src/ChatWeb/Zenvera.AiExamples.ChatWeb.AppHost/Zenvera.AiExamples.ChatWeb.AppHost.csproj" />
    <Project Path="../src/ChatWeb/Zenvera.AiExamples.ChatWeb.Application/Zenvera.AiExamples.ChatWeb.Application.csproj" />
    <Project Path="../src/ChatWeb/Zenvera.AiExamples.ChatWeb.BlazorServerHost/Zenvera.AiExamples.ChatWeb.BlazorServerHost.csproj" />
    <Project Path="../src/ChatWeb/Zenvera.AiExamples.ChatWeb.Infrastructure/Zenvera.AiExamples.ChatWeb.Infrastructure.csproj" />
    <Project Path="../src/ChatWeb/Zenvera.AiExamples.ChatWeb.ServiceDefaults/Zenvera.AiExamples.ChatWeb.ServiceDefaults.csproj" />
    <Project Path="../src/Shared/Zenvera.AiExamples.Shared.Hosting/Zenvera.AiExamples.Shared.Hosting.csproj" />
  </Folder>
</Solution>
